
Microsoft Visual Studio Solution File, Format Version 12.00
# Visual Studio 15
VisualStudioVersion = 15.0.26730.16
MinimumVisualStudioVersion = 10.0.40219.1
Project("{FAE04EC0-301F-11D3-BF4B-00C04F79EFBC}") = "Fibonacci_in_detail", "Fibonacci_in_detail\Fibonacci_in_detail.csproj", "{27C05234-3F60-4D42-9941-93EB25CE29A2}"
EndProject
Global
	GlobalSection(SolutionConfigurationPlatforms) = preSolution
		Debug|Any CPU = Debug|Any CPU
		Release|Any CPU = Release|Any CPU
	EndGlobalSection
	GlobalSection(ProjectConfigurationPlatforms) = postSolution
		{27C05234-3F60-4D42-9941-93EB25CE29A2}.Debug|Any CPU.ActiveCfg = Debug|Any CPU
		{27C05234-3F60-4D42-9941-93EB25CE29A2}.Debug|Any CPU.Build.0 = Debug|Any CPU
		{27C05234-3F60-4D42-9941-93EB25CE29A2}.Release|Any CPU.ActiveCfg = Release|Any CPU
		{27C05234-3F60-4D42-9941-93EB25CE29A2}.Release|Any CPU.Build.0 = Release|Any CPU
	EndGlobalSection
	GlobalSection(SolutionProperties) = preSolution
		HideSolutionNode = FALSE
	EndGlobalSection
	GlobalSection(ExtensibilityGlobals) = postSolution
		SolutionGuid = {AF0E8EFD-801A-4C92-8F9F-55766B156B37}
	EndGlobalSection
EndGlobal
