
Microsoft Visual Studio Solution File, Format Version 12.00
# Visual Studio 15
VisualStudioVersion = 15.0.26730.16
MinimumVisualStudioVersion = 10.0.40219.1
Project("{FAE04EC0-301F-11D3-BF4B-00C04F79EFBC}") = "binary_serach_deletion", "binary_serach_deletion\binary_serach_deletion.csproj", "{540900F9-9685-454F-9453-AD1AF5EAF115}"
EndProject
Global
	GlobalSection(SolutionConfigurationPlatforms) = preSolution
		Debug|Any CPU = Debug|Any CPU
		Release|Any CPU = Release|Any CPU
	EndGlobalSection
	GlobalSection(ProjectConfigurationPlatforms) = postSolution
		{540900F9-9685-454F-9453-AD1AF5EAF115}.Debug|Any CPU.ActiveCfg = Debug|Any CPU
		{540900F9-9685-454F-9453-AD1AF5EAF115}.Debug|Any CPU.Build.0 = Debug|Any CPU
		{540900F9-9685-454F-9453-AD1AF5EAF115}.Release|Any CPU.ActiveCfg = Release|Any CPU
		{540900F9-9685-454F-9453-AD1AF5EAF115}.Release|Any CPU.Build.0 = Release|Any CPU
	EndGlobalSection
	GlobalSection(SolutionProperties) = preSolution
		HideSolutionNode = FALSE
	EndGlobalSection
	GlobalSection(ExtensibilityGlobals) = postSolution
		SolutionGuid = {904F3575-3221-4E5D-B644-34B19C10A747}
	EndGlobalSection
EndGlobal
