
Microsoft Visual Studio Solution File, Format Version 12.00
# Visual Studio 15
VisualStudioVersion = 15.0.26730.16
MinimumVisualStudioVersion = 10.0.40219.1
Project("{FAE04EC0-301F-11D3-BF4B-00C04F79EFBC}") = "string_palindrome", "string_palindrome\string_palindrome.csproj", "{3A35B9D9-A338-499A-859F-39D4DDA53105}"
EndProject
Global
	GlobalSection(SolutionConfigurationPlatforms) = preSolution
		Debug|Any CPU = Debug|Any CPU
		Release|Any CPU = Release|Any CPU
	EndGlobalSection
	GlobalSection(ProjectConfigurationPlatforms) = postSolution
		{3A35B9D9-A338-499A-859F-39D4DDA53105}.Debug|Any CPU.ActiveCfg = Debug|Any CPU
		{3A35B9D9-A338-499A-859F-39D4DDA53105}.Debug|Any CPU.Build.0 = Debug|Any CPU
		{3A35B9D9-A338-499A-859F-39D4DDA53105}.Release|Any CPU.ActiveCfg = Release|Any CPU
		{3A35B9D9-A338-499A-859F-39D4DDA53105}.Release|Any CPU.Build.0 = Release|Any CPU
	EndGlobalSection
	GlobalSection(SolutionProperties) = preSolution
		HideSolutionNode = FALSE
	EndGlobalSection
	GlobalSection(ExtensibilityGlobals) = postSolution
		SolutionGuid = {CC3AFE50-1767-4002-8A19-19DCFFD163BA}
	EndGlobalSection
EndGlobal
