
Microsoft Visual Studio Solution File, Format Version 12.00
# Visual Studio 15
VisualStudioVersion = 15.0.26730.16
MinimumVisualStudioVersion = 10.0.40219.1
Project("{FAE04EC0-301F-11D3-BF4B-00C04F79EFBC}") = "queuewithtwostacks", "queuewithtwostacks\queuewithtwostacks.csproj", "{DDCE9073-E9AC-4B18-B07B-056391DB7535}"
EndProject
Global
	GlobalSection(SolutionConfigurationPlatforms) = preSolution
		Debug|Any CPU = Debug|Any CPU
		Release|Any CPU = Release|Any CPU
	EndGlobalSection
	GlobalSection(ProjectConfigurationPlatforms) = postSolution
		{DDCE9073-E9AC-4B18-B07B-056391DB7535}.Debug|Any CPU.ActiveCfg = Debug|Any CPU
		{DDCE9073-E9AC-4B18-B07B-056391DB7535}.Debug|Any CPU.Build.0 = Debug|Any CPU
		{DDCE9073-E9AC-4B18-B07B-056391DB7535}.Release|Any CPU.ActiveCfg = Release|Any CPU
		{DDCE9073-E9AC-4B18-B07B-056391DB7535}.Release|Any CPU.Build.0 = Release|Any CPU
	EndGlobalSection
	GlobalSection(SolutionProperties) = preSolution
		HideSolutionNode = FALSE
	EndGlobalSection
	GlobalSection(ExtensibilityGlobals) = postSolution
		SolutionGuid = {455E52B0-2397-458A-B4FD-7C53848B6A8E}
	EndGlobalSection
EndGlobal
