
Microsoft Visual Studio Solution File, Format Version 12.00
# Visual Studio 15
VisualStudioVersion = 15.0.26730.16
MinimumVisualStudioVersion = 10.0.40219.1
Project("{FAE04EC0-301F-11D3-BF4B-00C04F79EFBC}") = "binary_tree_traversal", "binary_search_tree\binary_tree_traversal.csproj", "{4594B111-8ED8-422A-94A2-C09E28AB97A7}"
EndProject
Global
	GlobalSection(SolutionConfigurationPlatforms) = preSolution
		Debug|Any CPU = Debug|Any CPU
		Release|Any CPU = Release|Any CPU
	EndGlobalSection
	GlobalSection(ProjectConfigurationPlatforms) = postSolution
		{4594B111-8ED8-422A-94A2-C09E28AB97A7}.Debug|Any CPU.ActiveCfg = Debug|Any CPU
		{4594B111-8ED8-422A-94A2-C09E28AB97A7}.Debug|Any CPU.Build.0 = Debug|Any CPU
		{4594B111-8ED8-422A-94A2-C09E28AB97A7}.Release|Any CPU.ActiveCfg = Release|Any CPU
		{4594B111-8ED8-422A-94A2-C09E28AB97A7}.Release|Any CPU.Build.0 = Release|Any CPU
	EndGlobalSection
	GlobalSection(SolutionProperties) = preSolution
		HideSolutionNode = FALSE
	EndGlobalSection
	GlobalSection(ExtensibilityGlobals) = postSolution
		SolutionGuid = {26F0593A-453E-4BF8-AB4D-97412259F691}
	EndGlobalSection
EndGlobal
