
Microsoft Visual Studio Solution File, Format Version 12.00
# Visual Studio 15
VisualStudioVersion = 15.0.27130.2003
MinimumVisualStudioVersion = 10.0.40219.1
Project("{FAE04EC0-301F-11D3-BF4B-00C04F79EFBC}") = "making_acronyms", "making_acronyms\making_acronyms.csproj", "{F77CE424-916C-4259-AAE6-2C7941A36204}"
EndProject
Global
	GlobalSection(SolutionConfigurationPlatforms) = preSolution
		Debug|Any CPU = Debug|Any CPU
		Release|Any CPU = Release|Any CPU
	EndGlobalSection
	GlobalSection(ProjectConfigurationPlatforms) = postSolution
		{F77CE424-916C-4259-AAE6-2C7941A36204}.Debug|Any CPU.ActiveCfg = Debug|Any CPU
		{F77CE424-916C-4259-AAE6-2C7941A36204}.Debug|Any CPU.Build.0 = Debug|Any CPU
		{F77CE424-916C-4259-AAE6-2C7941A36204}.Release|Any CPU.ActiveCfg = Release|Any CPU
		{F77CE424-916C-4259-AAE6-2C7941A36204}.Release|Any CPU.Build.0 = Release|Any CPU
	EndGlobalSection
	GlobalSection(SolutionProperties) = preSolution
		HideSolutionNode = FALSE
	EndGlobalSection
	GlobalSection(ExtensibilityGlobals) = postSolution
		SolutionGuid = {440DA74E-DEBE-4042-B3FD-CAE7D1E7180A}
	EndGlobalSection
EndGlobal
